
Microsoft Visual Studio Solution File, Format Version 12.00
# Visual Studio Version 16
VisualStudioVersion = 16.0.30503.244
MinimumVisualStudioVersion = 10.0.40219.1
Project("{FAE04EC0-301F-11D3-BF4B-00C04F79EFBC}") = "IfcInfraToolkit_Common", "IfcInfraToolKit_Common\IfcInfraToolkit_Common.csproj", "{84741775-5CC9-46EB-A297-EEA4410D0A5B}"
EndProject
Project("{FAE04EC0-301F-11D3-BF4B-00C04F79EFBC}") = "IfcInfraToolkit_DynamoC3D", "IfcInfraToolKit_DynamoC3D\IfcInfraToolkit_DynamoC3D.csproj", "{A17252B7-6231-4BAD-B82F-0D42A9819058}"
EndProject
Project("{FAE04EC0-301F-11D3-BF4B-00C04F79EFBC}") = "IfcInfraToolKit_DynamoRevit", "IfcInfraToolKit_DynamoRevit\IfcInfraToolKit_DynamoRevit.csproj", "{9C1E2113-EAA2-47E6-80ED-3577A2017BE9}"
EndProject
Project("{FAE04EC0-301F-11D3-BF4B-00C04F79EFBC}") = "IfcInfraToolKit_DynamoCore", "IfcInfraToolKit_DynamoCore\IfcInfraToolKit_DynamoCore.csproj", "{D0F227C9-2437-4CE5-9024-1596A42E34A1}"
EndProject
Global
	GlobalSection(SolutionConfigurationPlatforms) = preSolution
		Debug|Any CPU = Debug|Any CPU
		Release|Any CPU = Release|Any CPU
	EndGlobalSection
	GlobalSection(ProjectConfigurationPlatforms) = postSolution
		{84741775-5CC9-46EB-A297-EEA4410D0A5B}.Debug|Any CPU.ActiveCfg = Debug|Any CPU
		{84741775-5CC9-46EB-A297-EEA4410D0A5B}.Debug|Any CPU.Build.0 = Debug|Any CPU
		{84741775-5CC9-46EB-A297-EEA4410D0A5B}.Release|Any CPU.ActiveCfg = Release|Any CPU
		{84741775-5CC9-46EB-A297-EEA4410D0A5B}.Release|Any CPU.Build.0 = Release|Any CPU
		{A17252B7-6231-4BAD-B82F-0D42A9819058}.Debug|Any CPU.ActiveCfg = Debug|Any CPU
		{A17252B7-6231-4BAD-B82F-0D42A9819058}.Debug|Any CPU.Build.0 = Debug|Any CPU
		{A17252B7-6231-4BAD-B82F-0D42A9819058}.Release|Any CPU.ActiveCfg = Release|Any CPU
		{A17252B7-6231-4BAD-B82F-0D42A9819058}.Release|Any CPU.Build.0 = Release|Any CPU
		{9C1E2113-EAA2-47E6-80ED-3577A2017BE9}.Debug|Any CPU.ActiveCfg = Debug|Any CPU
		{9C1E2113-EAA2-47E6-80ED-3577A2017BE9}.Debug|Any CPU.Build.0 = Debug|Any CPU
		{9C1E2113-EAA2-47E6-80ED-3577A2017BE9}.Release|Any CPU.ActiveCfg = Release|Any CPU
		{9C1E2113-EAA2-47E6-80ED-3577A2017BE9}.Release|Any CPU.Build.0 = Release|Any CPU
		{D0F227C9-2437-4CE5-9024-1596A42E34A1}.Debug|Any CPU.ActiveCfg = Debug|Any CPU
		{D0F227C9-2437-4CE5-9024-1596A42E34A1}.Debug|Any CPU.Build.0 = Debug|Any CPU
		{D0F227C9-2437-4CE5-9024-1596A42E34A1}.Release|Any CPU.ActiveCfg = Release|Any CPU
		{D0F227C9-2437-4CE5-9024-1596A42E34A1}.Release|Any CPU.Build.0 = Release|Any CPU
	EndGlobalSection
	GlobalSection(SolutionProperties) = preSolution
		HideSolutionNode = FALSE
	EndGlobalSection
	GlobalSection(ExtensibilityGlobals) = postSolution
		SolutionGuid = {96F4F628-BB6B-414D-A4C6-21DAEE7747A8}
	EndGlobalSection
EndGlobal
